
Microsoft Visual Studio Solution File, Format Version 12.00
# Visual Studio Version 16
VisualStudioVersion = 16.0.29519.181
MinimumVisualStudioVersion = 10.0.40219.1
Project("{FAE04EC0-301F-11D3-BF4B-00C04F79EFBC}") = "AttendingEngine", "AttendingEngine\AttendingEngine.csproj", "{79C88AEA-CCB5-48D7-BC2D-D7A132FC44C2}"
EndProject
Global
	GlobalSection(SolutionConfigurationPlatforms) = preSolution
		Debug|Any CPU = Debug|Any CPU
		Release|Any CPU = Release|Any CPU
	EndGlobalSection
	GlobalSection(ProjectConfigurationPlatforms) = postSolution
		{79C88AEA-CCB5-48D7-BC2D-D7A132FC44C2}.Debug|Any CPU.ActiveCfg = Debug|Any CPU
		{79C88AEA-CCB5-48D7-BC2D-D7A132FC44C2}.Debug|Any CPU.Build.0 = Debug|Any CPU
		{79C88AEA-CCB5-48D7-BC2D-D7A132FC44C2}.Release|Any CPU.ActiveCfg = Release|Any CPU
		{79C88AEA-CCB5-48D7-BC2D-D7A132FC44C2}.Release|Any CPU.Build.0 = Release|Any CPU
	EndGlobalSection
	GlobalSection(SolutionProperties) = preSolution
		HideSolutionNode = FALSE
	EndGlobalSection
	GlobalSection(ExtensibilityGlobals) = postSolution
		SolutionGuid = {1C9A3717-E6F0-488F-8E8B-BA817822A782}
	EndGlobalSection
EndGlobal
